# This file was autogenerated by Stack.
# You should not edit this file by hand.
# For more information, please see the documentation at:
#   https://docs.haskellstack.org/en/stable/lock_files

snapshots:
- original: lts-17.15
  completed:
    sha256: 72e87841a0ab5b72f6f018e8ee692fd972b7bb32a944990f028e10d6eb528e63
    url: https://raw.githubusercontent.com/commercialhaskell/stackage-snapshots/master/lts/17/15.yaml
    size: 567679
packages:
- original:
    hackage: discord-haskell-1.8.8
  completed:
    pantry-tree:
      sha256: cbf772087fdc87d74d48514bf1996d9656002542be75bad306be5a028a937d7b
      size: 2107
    hackage: discord-haskell-1.8.8@sha256:647bf08777aebcc8d5eacdb729906b2b05f7832c3b767d87059ef13462ff8875,3562
- original:
    hackage: emoji-0.1.0.2
  completed:
    pantry-tree:
      sha256: dd9ea90a631342e5db0fc21331ade4d563a685e9125d5a3989eefa8e1b96c6c6
      size: 437
    hackage: emoji-0.1.0.2@sha256:d995572a5c7dcd28f98eb15c6e387a7b3bda1ac2477ab0d9dba8580d5d7b161f,1273
